
Microsoft Visual Studio Solution File, Format Version 12.00
# Visual Studio Version 16
VisualStudioVersion = 16.0.33027.164
MinimumVisualStudioVersion = 10.0.40219.1
Project("{8BC9CEB8-8B4A-11D0-8D11-00A0C91BC942}") = "test23-8-9", "test23-8-9\test23-8-9.vcxproj", "{D1FDBAE6-DD19-421F-824C-9A1388780E42}"
EndProject
Global
	GlobalSection(SolutionConfigurationPlatforms) = preSolution
		Debug|x64 = Debug|x64
		Debug|x86 = Debug|x86
		Release|x64 = Release|x64
		Release|x86 = Release|x86
	EndGlobalSection
	GlobalSection(ProjectConfigurationPlatforms) = postSolution
		{D1FDBAE6-DD19-421F-824C-9A1388780E42}.Debug|x64.ActiveCfg = Debug|x64
		{D1FDBAE6-DD19-421F-824C-9A1388780E42}.Debug|x64.Build.0 = Debug|x64
		{D1FDBAE6-DD19-421F-824C-9A1388780E42}.Debug|x86.ActiveCfg = Debug|Win32
		{D1FDBAE6-DD19-421F-824C-9A1388780E42}.Debug|x86.Build.0 = Debug|Win32
		{D1FDBAE6-DD19-421F-824C-9A1388780E42}.Release|x64.ActiveCfg = Release|x64
		{D1FDBAE6-DD19-421F-824C-9A1388780E42}.Release|x64.Build.0 = Release|x64
		{D1FDBAE6-DD19-421F-824C-9A1388780E42}.Release|x86.ActiveCfg = Release|Win32
		{D1FDBAE6-DD19-421F-824C-9A1388780E42}.Release|x86.Build.0 = Release|Win32
	EndGlobalSection
	GlobalSection(SolutionProperties) = preSolution
		HideSolutionNode = FALSE
	EndGlobalSection
	GlobalSection(ExtensibilityGlobals) = postSolution
		SolutionGuid = {78F50DC4-8F87-493F-A31E-A5CC52E661AF}
	EndGlobalSection
EndGlobal
