
Microsoft Visual Studio Solution File, Format Version 12.00
# Visual Studio Version 16
VisualStudioVersion = 16.0.33027.164
MinimumVisualStudioVersion = 10.0.40219.1
Project("{8BC9CEB8-8B4A-11D0-8D11-00A0C91BC942}") = "test23-8-15", "test23-8-15\test23-8-15.vcxproj", "{42A8DB82-33E8-48FD-B622-E51C4A01B19E}"
EndProject
Global
	GlobalSection(SolutionConfigurationPlatforms) = preSolution
		Debug|x64 = Debug|x64
		Debug|x86 = Debug|x86
		Release|x64 = Release|x64
		Release|x86 = Release|x86
	EndGlobalSection
	GlobalSection(ProjectConfigurationPlatforms) = postSolution
		{42A8DB82-33E8-48FD-B622-E51C4A01B19E}.Debug|x64.ActiveCfg = Debug|x64
		{42A8DB82-33E8-48FD-B622-E51C4A01B19E}.Debug|x64.Build.0 = Debug|x64
		{42A8DB82-33E8-48FD-B622-E51C4A01B19E}.Debug|x86.ActiveCfg = Debug|Win32
		{42A8DB82-33E8-48FD-B622-E51C4A01B19E}.Debug|x86.Build.0 = Debug|Win32
		{42A8DB82-33E8-48FD-B622-E51C4A01B19E}.Release|x64.ActiveCfg = Release|x64
		{42A8DB82-33E8-48FD-B622-E51C4A01B19E}.Release|x64.Build.0 = Release|x64
		{42A8DB82-33E8-48FD-B622-E51C4A01B19E}.Release|x86.ActiveCfg = Release|Win32
		{42A8DB82-33E8-48FD-B622-E51C4A01B19E}.Release|x86.Build.0 = Release|Win32
	EndGlobalSection
	GlobalSection(SolutionProperties) = preSolution
		HideSolutionNode = FALSE
	EndGlobalSection
	GlobalSection(ExtensibilityGlobals) = postSolution
		SolutionGuid = {6BFDF6D5-425C-4244-8D3A-F990CDFADD7C}
	EndGlobalSection
EndGlobal
